// !$*UTF8*$!
{
	archiveVersion = 1;
	classes = {
	};
	objectVersion = 46;
	objects = {

/* Begin PBXBuildFile section */
		F19909121CB5123600A81D28 /* AppDelegate.swift in Sources */ = {isa = PBXBuildFile; fileRef = F19909111CB5123600A81D28 /* AppDelegate.swift */; };
		F19909141CB5123600A81D28 /* ViewController.swift in Sources */ = {isa = PBXBuildFile; fileRef = F19909131CB5123600A81D28 /* ViewController.swift */; };
		F19909171CB5123600A81D28 /* Main.storyboard in Resources */ = {isa = PBXBuildFile; fileRef = F19909151CB5123600A81D28 /* Main.storyboard */; };
		F199091A1CB5123600A81D28 /* SlideOutMenu.xcdatamodeld in Sources */ = {isa = PBXBuildFile; fileRef = F19909181CB5123600A81D28 /* SlideOutMenu.xcdatamodeld */; };
		F199091C1CB5123600A81D28 /* Assets.xcassets in Resources */ = {isa = PBXBuildFile; fileRef = F199091B1CB5123600A81D28 /* Assets.xcassets */; };
		F199091F1CB5123600A81D28 /* LaunchScreen.storyboard in Resources */ = {isa = PBXBuildFile; fileRef = F199091D1CB5123600A81D28 /* LaunchScreen.storyboard */; };
		F199092A1CB5123600A81D28 /* SlideOutMenuTests.swift in Sources */ = {isa = PBXBuildFile; fileRef = F19909291CB5123600A81D28 /* SlideOutMenuTests.swift */; };
		F19909351CB5123600A81D28 /* SlideOutMenuUITests.swift in Sources */ = {isa = PBXBuildFile; fileRef = F19909341CB5123600A81D28 /* SlideOutMenuUITests.swift */; };
/* End PBXBuildFile section */

/* Begin PBXContainerItemProxy section */
		F19909261CB5123600A81D28 /* PBXContainerItemProxy */ = {
			isa = PBXContainerItemProxy;
			containerPortal = F19909061CB5123600A81D28 /* Project object */;
			proxyType = 1;
			remoteGlobalIDString = F199090D1CB5123600A81D28;
			remoteInfo = SlideOutMenu;
		};
		F19909311CB5123600A81D28 /* PBXContainerItemProxy */ = {
			isa = PBXContainerItemProxy;
			containerPortal = F19909061CB5123600A81D28 /* Project object */;
			proxyType = 1;
			remoteGlobalIDString = F199090D1CB5123600A81D28;
			remoteInfo = SlideOutMenu;
		};
/* End PBXContainerItemProxy section */

/* Begin PBXFileReference section */
		F199090E1CB5123600A81D28 /* SlideOutMenu.app */ = {isa = PBXFileReference; explicitFileType = wrapper.application; includeInIndex = 0; path = SlideOutMenu.app; sourceTree = BUILT_PRODUCTS_DIR; };
		F19909111CB5123600A81D28 /* AppDelegate.swift */ = {isa = PBXFileReference; lastKnownFileType = sourcecode.swift; path = AppDelegate.swift; sourceTree = "<group>"; };
		F19909131CB5123600A81D28 /* ViewController.swift */ = {isa = PBXFileReference; lastKnownFileType = sourcecode.swift; path = ViewController.swift; sourceTree = "<group>"; };
		F19909161CB5123600A81D28 /* Base */ = {isa = PBXFileReference; lastKnownFileType = file.storyboard; name = Base; path = Base.lproj/Main.storyboard; sourceTree = "<group>"; };
		F19909191CB5123600A81D28 /* SlideOutMenu.xcdatamodel */ = {isa = PBXFileReference; lastKnownFileType = wrapper.xcdatamodel; path = SlideOutMenu.xcdatamodel; sourceTree = "<group>"; };
		F199091B1CB5123600A81D28 /* Assets.xcassets */ = {isa = PBXFileReference; lastKnownFileType = folder.assetcatalog; path = Assets.xcassets; sourceTree = "<group>"; };
		F199091E1CB5123600A81D28 /* Base */ = {isa = PBXFileReference; lastKnownFileType = file.storyboard; name = Base; path = Base.lproj/LaunchScreen.storyboard; sourceTree = "<group>"; };
		F19909201CB5123600A81D28 /* Info.plist */ = {isa = PBXFileReference; lastKnownFileType = text.plist.xml; path = Info.plist; sourceTree = "<group>"; };
		F19909251CB5123600A81D28 /* SlideOutMenuTests.xctest */ = {isa = PBXFileReference; explicitFileType = wrapper.cfbundle; includeInIndex = 0; path = SlideOutMenuTests.xctest; sourceTree = BUILT_PRODUCTS_DIR; };
		F19909291CB5123600A81D28 /* SlideOutMenuTests.swift */ = {isa = PBXFileReference; lastKnownFileType = sourcecode.swift; path = SlideOutMenuTests.swift; sourceTree = "<group>"; };
		F199092B1CB5123600A81D28 /* Info.plist */ = {isa = PBXFileReference; lastKnownFileType = text.plist.xml; path = Info.plist; sourceTree = "<group>"; };
		F19909301CB5123600A81D28 /* SlideOutMenuUITests.xctest */ = {isa = PBXFileReference; explicitFileType = wrapper.cfbundle; includeInIndex = 0; path = SlideOutMenuUITests.xctest; sourceTree = BUILT_PRODUCTS_DIR; };
		F19909341CB5123600A81D28 /* SlideOutMenuUITests.swift */ = {isa = PBXFileReference; lastKnownFileType = sourcecode.swift; path = SlideOutMenuUITests.swift; sourceTree = "<group>"; };
		F19909361CB5123600A81D28 /* Info.plist */ = {isa = PBXFileReference; lastKnownFileType = text.plist.xml; path = Info.plist; sourceTree = "<group>"; };
/* End PBXFileReference section */

/* Begin PBXFrameworksBuildPhase section */
		F199090B1CB5123600A81D28 /* Frameworks */ = {
			isa = PBXFrameworksBuildPhase;
			buildActionMask = 2147483647;
			files = (
			);
			runOnlyForDeploymentPostprocessing = 0;
		};
		F19909221CB5123600A81D28 /* Frameworks */ = {
			isa = PBXFrameworksBuildPhase;
			buildActionMask = 2147483647;
			files = (
			);
			runOnlyForDeploymentPostprocessing = 0;
		};
		F199092D1CB5123600A81D28 /* Frameworks */ = {
			isa = PBXFrameworksBuildPhase;
			buildActionMask = 2147483647;
			files = (
			);
			runOnlyForDeploymentPostprocessing = 0;
		};
/* End PBXFrameworksBuildPhase section */

/* Begin PBXGroup section */
		F19909051CB5123600A81D28 = {
			isa = PBXGroup;
			children = (
				F19909101CB5123600A81D28 /* SlideOutMenu */,
				F19909281CB5123600A81D28 /* SlideOutMenuTests */,
				F19909331CB5123600A81D28 /* SlideOutMenuUITests */,
				F199090F1CB5123600A81D28 /* Products */,
			);
			sourceTree = "<group>";
		};
		F199090F1CB5123600A81D28 /* Products */ = {
			isa = PBXGroup;
			children = (
				F199090E1CB5123600A81D28 /* SlideOutMenu.app */,
				F19909251CB5123600A81D28 /* SlideOutMenuTests.xctest */,
				F19909301CB5123600A81D28 /* SlideOutMenuUITests.xctest */,
			);
			name = Products;
			sourceTree = "<group>";
		};
		F19909101CB5123600A81D28 /* SlideOutMenu */ = {
			isa = PBXGroup;
			children = (
				F19909111CB5123600A81D28 /* AppDelegate.swift */,
				F19909131CB5123600A81D28 /* ViewController.swift */,
				F19909151CB5123600A81D28 /* Main.storyboard */,
				F199091B1CB5123600A81D28 /* Assets.xcassets */,
				F199091D1CB5123600A81D28 /* LaunchScreen.storyboard */,
				F19909201CB5123600A81D28 /* Info.plist */,
				F19909181CB5123600A81D28 /* SlideOutMenu.xcdatamodeld */,
			);
			path = SlideOutMenu;
			sourceTree = "<group>";
		};
		F19909281CB5123600A81D28 /* SlideOutMenuTests */ = {
			isa = PBXGroup;
			children = (
				F19909291CB5123600A81D28 /* SlideOutMenuTests.swift */,
				F199092B1CB5123600A81D28 /* Info.plist */,
			);
			path = SlideOutMenuTests;
			sourceTree = "<group>";
		};
		F19909331CB5123600A81D28 /* SlideOutMenuUITests */ = {
			isa = PBXGroup;
			children = (
				F19909341CB5123600A81D28 /* SlideOutMenuUITests.swift */,
				F19909361CB5123600A81D28 /* Info.plist */,
			);
			path = SlideOutMenuUITests;
			sourceTree = "<group>";
		};
/* End PBXGroup section */

/* Begin PBXNativeTarget section */
		F199090D1CB5123600A81D28 /* SlideOutMenu */ = {
			isa = PBXNativeTarget;
			buildConfigurationList = F19909391CB5123600A81D28 /* Build configuration list for PBXNativeTarget "SlideOutMenu" */;
			buildPhases = (
				F199090A1CB5123600A81D28 /* Sources */,
				F199090B1CB5123600A81D28 /* Frameworks */,
				F199090C1CB5123600A81D28 /* Resources */,
			);
			buildRules = (
			);
			dependencies = (
			);
			name = SlideOutMenu;
			productName = SlideOutMenu;
			productReference = F199090E1CB5123600A81D28 /* SlideOutMenu.app */;
			productType = "com.apple.product-type.application";
		};
		F19909241CB5123600A81D28 /* SlideOutMenuTests */ = {
			isa = PBXNativeTarget;
			buildConfigurationList = F199093C1CB5123600A81D28 /* Build configuration list for PBXNativeTarget "SlideOutMenuTests" */;
			buildPhases = (
				F19909211CB5123600A81D28 /* Sources */,
				F19909221CB5123600A81D28 /* Frameworks */,
				F19909231CB5123600A81D28 /* Resources */,
			);
			buildRules = (
			);
			dependencies = (
				F19909271CB5123600A81D28 /* PBXTargetDependency */,
			);
			name = SlideOutMenuTests;
			productName = SlideOutMenuTests;
			productReference = F19909251CB5123600A81D28 /* SlideOutMenuTests.xctest */;
			productType = "com.apple.product-type.bundle.unit-test";
		};
		F199092F1CB5123600A81D28 /* SlideOutMenuUITests */ = {
			isa = PBXNativeTarget;
			buildConfigurationList = F199093F1CB5123600A81D28 /* Build configuration list for PBXNativeTarget "SlideOutMenuUITests" */;
			buildPhases = (
				F199092C1CB5123600A81D28 /* Sources */,
				F199092D1CB5123600A81D28 /* Frameworks */,
				F199092E1CB5123600A81D28 /* Resources */,
			);
			buildRules = (
			);
			dependencies = (
				F19909321CB5123600A81D28 /* PBXTargetDependency */,
			);
			name = SlideOutMenuUITests;
			productName = SlideOutMenuUITests;
			productReference = F19909301CB5123600A81D28 /* SlideOutMenuUITests.xctest */;
			productType = "com.apple.product-type.bundle.ui-testing";
		};
/* End PBXNativeTarget section */

/* Begin PBXProject section */
		F19909061CB5123600A81D28 /* Project object */ = {
			isa = PBXProject;
			attributes = {
				LastSwiftUpdateCheck = 0730;
				LastUpgradeCheck = 0730;
				ORGANIZATIONNAME = "Tiago Henriques";
				TargetAttributes = {
					F199090D1CB5123600A81D28 = {
						CreatedOnToolsVersion = 7.3;
						DevelopmentTeam = 53AT93F245;
					};
					F19909241CB5123600A81D28 = {
						CreatedOnToolsVersion = 7.3;
						DevelopmentTeam = 53AT93F245;
						TestTargetID = F199090D1CB5123600A81D28;
					};
					F199092F1CB5123600A81D28 = {
						CreatedOnToolsVersion = 7.3;
						DevelopmentTeam = 53AT93F245;
						TestTargetID = F199090D1CB5123600A81D28;
					};
				};
			};
			buildConfigurationList = F19909091CB5123600A81D28 /* Build configuration list for PBXProject "SlideOutMenu" */;
			compatibilityVersion = "Xcode 3.2";
			developmentRegion = English;
			hasScannedForEncodings = 0;
			knownRegions = (
				en,
				Base,
			);
			mainGroup = F19909051CB5123600A81D28;
			productRefGroup = F199090F1CB5123600A81D28 /* Products */;
			projectDirPath = "";
			projectRoot = "";
			targets = (
				F199090D1CB5123600A81D28 /* SlideOutMenu */,
				F19909241CB5123600A81D28 /* SlideOutMenuTests */,
				F199092F1CB5123600A81D28 /* SlideOutMenuUITests */,
			);
		};
/* End PBXProject section */

/* Begin PBXResourcesBuildPhase section */
		F199090C1CB5123600A81D28 /* Resources */ = {
			isa = PBXResourcesBuildPhase;
			buildActionMask = 2147483647;
			files = (
				F199091F1CB5123600A81D28 /* LaunchScreen.storyboard in Resources */,
				F199091C1CB5123600A81D28 /* Assets.xcassets in Resources */,
				F19909171CB5123600A81D28 /* Main.storyboard in Resources */,
			);
			runOnlyForDeploymentPostprocessing = 0;
		};
		F19909231CB5123600A81D28 /* Resources */ = {
			isa = PBXResourcesBuildPhase;
			buildActionMask = 2147483647;
			files = (
			);
			runOnlyForDeploymentPostprocessing = 0;
		};
		F199092E1CB5123600A81D28 /* Resources */ = {
			isa = PBXResourcesBuildPhase;
			buildActionMask = 2147483647;
			files = (
			);
			runOnlyForDeploymentPostprocessing = 0;
		};
/* End PBXResourcesBuildPhase section */

/* Begin PBXSourcesBuildPhase section */
		F199090A1CB5123600A81D28 /* Sources */ = {
			isa = PBXSourcesBuildPhase;
			buildActionMask = 2147483647;
			files = (
				F19909141CB5123600A81D28 /* ViewController.swift in Sources */,
				F199091A1CB5123600A81D28 /* SlideOutMenu.xcdatamodeld in Sources */,
				F19909121CB5123600A81D28 /* AppDelegate.swift in Sources */,
			);
			runOnlyForDeploymentPostprocessing = 0;
		};
		F19909211CB5123600A81D28 /* Sources */ = {
			isa = PBXSourcesBuildPhase;
			buildActionMask = 2147483647;
			files = (
				F199092A1CB5123600A81D28 /* SlideOutMenuTests.swift in Sources */,
			);
			runOnlyForDeploymentPostprocessing = 0;
		};
		F199092C1CB5123600A81D28 /* Sources */ = {
			isa = PBXSourcesBuildPhase;
			buildActionMask = 2147483647;
			files = (
				F19909351CB5123600A81D28 /* SlideOutMenuUITests.swift in Sources */,
			);
			runOnlyForDeploymentPostprocessing = 0;
		};
/* End PBXSourcesBuildPhase section */

/* Begin PBXTargetDependency section */
		F19909271CB5123600A81D28 /* PBXTargetDependency */ = {
			isa = PBXTargetDependency;
			target = F199090D1CB5123600A81D28 /* SlideOutMenu */;
			targetProxy = F19909261CB5123600A81D28 /* PBXContainerItemProxy */;
		};
		F19909321CB5123600A81D28 /* PBXTargetDependency */ = {
			isa = PBXTargetDependency;
			target = F199090D1CB5123600A81D28 /* SlideOutMenu */;
			targetProxy = F19909311CB5123600A81D28 /* PBXContainerItemProxy */;
		};
/* End PBXTargetDependency section */

/* Begin PBXVariantGroup section */
		F19909151CB5123600A81D28 /* Main.storyboard */ = {
			isa = PBXVariantGroup;
			children = (
				F19909161CB5123600A81D28 /* Base */,
			);
			name = Main.storyboard;
			sourceTree = "<group>";
		};
		F199091D1CB5123600A81D28 /* LaunchScreen.storyboard */ = {
			isa = PBXVariantGroup;
			children = (
				F199091E1CB5123600A81D28 /* Base */,
			);
			name = LaunchScreen.storyboard;
			sourceTree = "<group>";
		};
/* End PBXVariantGroup section */

/* Begin XCBuildConfiguration section */
		F19909371CB5123600A81D28 /* Debug */ = {
			isa = XCBuildConfiguration;
			buildSettings = {
				ALWAYS_SEARCH_USER_PATHS = NO;
				CLANG_ANALYZER_NONNULL = YES;
				CLANG_CXX_LANGUAGE_STANDARD = "gnu++0x";
				CLANG_CXX_LIBRARY = "libc++";
				CLANG_ENABLE_MODULES = YES;
				CLANG_ENABLE_OBJC_ARC = YES;
				CLANG_WARN_BOOL_CONVERSION = YES;
				CLANG_WARN_CONSTANT_CONVERSION = YES;
				CLANG_WARN_DIRECT_OBJC_ISA_USAGE = YES_ERROR;
				CLANG_WARN_EMPTY_BODY = YES;
				CLANG_WARN_ENUM_CONVERSION = YES;
				CLANG_WARN_INT_CONVERSION = YES;
				CLANG_WARN_OBJC_ROOT_CLASS = YES_ERROR;
				CLANG_WARN_UNREACHABLE_CODE = YES;
				CLANG_WARN__DUPLICATE_METHOD_MATCH = YES;
				"CODE_SIGN_IDENTITY[sdk=iphoneos*]" = "iPhone Developer";
				COPY_PHASE_STRIP = NO;
				DEBUG_INFORMATION_FORMAT = dwarf;
				ENABLE_STRICT_OBJC_MSGSEND = YES;
				ENABLE_TESTABILITY = YES;
				GCC_C_LANGUAGE_STANDARD = gnu99;
				GCC_DYNAMIC_NO_PIC = NO;
				GCC_NO_COMMON_BLOCKS = YES;
				GCC_OPTIMIZATION_LEVEL = 0;
				GCC_PREPROCESSOR_DEFINITIONS = (
					"DEBUG=1",
					"$(inherited)",
				);
				GCC_WARN_64_TO_32_BIT_CONVERSION = YES;
				GCC_WARN_ABOUT_RETURN_TYPE = YES_ERROR;
				GCC_WARN_UNDECLARED_SELECTOR = YES;
				GCC_WARN_UNINITIALIZED_AUTOS = YES_AGGRESSIVE;
				GCC_WARN_UNUSED_FUNCTION = YES;
				GCC_WARN_UNUSED_VARIABLE = YES;
				IPHONEOS_DEPLOYMENT_TARGET = 9.3;
				MTL_ENABLE_DEBUG_INFO = YES;
				ONLY_ACTIVE_ARCH = YES;
				SDKROOT = iphoneos;
				SWIFT_OPTIMIZATION_LEVEL = "-Onone";
				TARGETED_DEVICE_FAMILY = "1,2";
			};
			name = Debug;
		};
		F19909381CB5123600A81D28 /* Release */ = {
			isa = XCBuildConfiguration;
			buildSettings = {
				ALWAYS_SEARCH_USER_PATHS = NO;
				CLANG_ANALYZER_NONNULL = YES;
				CLANG_CXX_LANGUAGE_STANDARD = "gnu++0x";
				CLANG_CXX_LIBRARY = "libc++";
				CLANG_ENABLE_MODULES = YES;
				CLANG_ENABLE_OBJC_ARC = YES;
				CLANG_WARN_BOOL_CONVERSION = YES;
				CLANG_WARN_CONSTANT_CONVERSION = YES;
				CLANG_WARN_DIRECT_OBJC_ISA_USAGE = YES_ERROR;
				CLANG_WARN_EMPTY_BODY = YES;
				CLANG_WARN_ENUM_CONVERSION = YES;
				CLANG_WARN_INT_CONVERSION = YES;
				CLANG_WARN_OBJC_ROOT_CLASS = YES_ERROR;
				CLANG_WARN_UNREACHABLE_CODE = YES;
				CLANG_WARN__DUPLICATE_METHOD_MATCH = YES;
				"CODE_SIGN_IDENTITY[sdk=iphoneos*]" = "iPhone Developer";
				COPY_PHASE_STRIP = NO;
				DEBUG_INFORMATION_FORMAT = "dwarf-with-dsym";
				ENABLE_NS_ASSERTIONS = NO;
				ENABLE_STRICT_OBJC_MSGSEND = YES;
				GCC_C_LANGUAGE_STANDARD = gnu99;
				GCC_NO_COMMON_BLOCKS = YES;
				GCC_WARN_64_TO_32_BIT_CONVERSION = YES;
				GCC_WARN_ABOUT_RETURN_TYPE = YES_ERROR;
				GCC_WARN_UNDECLARED_SELECTOR = YES;
				GCC_WARN_UNINITIALIZED_AUTOS = YES_AGGRESSIVE;
				GCC_WARN_UNUSED_FUNCTION = YES;
				GCC_WARN_UNUSED_VARIABLE = YES;
				IPHONEOS_DEPLOYMENT_TARGET = 9.3;
				MTL_ENABLE_DEBUG_INFO = NO;
				SDKROOT = iphoneos;
				TARGETED_DEVICE_FAMILY = "1,2";
				VALIDATE_PRODUCT = YES;
			};
			name = Release;
		};
		F199093A1CB5123600A81D28 /* Debug */ = {
			isa = XCBuildConfiguration;
			buildSettings = {
				ASSETCATALOG_COMPILER_APPICON_NAME = AppIcon;
				INFOPLIST_FILE = SlideOutMenu/Info.plist;
				LD_RUNPATH_SEARCH_PATHS = "$(inherited) @executable_path/Frameworks";
				PRODUCT_BUNDLE_IDENTIFIER = pt.example.SlideOutMenu;
				PRODUCT_NAME = "$(TARGET_NAME)";
			};
			name = Debug;
		};
		F199093B1CB5123600A81D28 /* Release */ = {
			isa = XCBuildConfiguration;
			buildSettings = {
				ASSETCATALOG_COMPILER_APPICON_NAME = AppIcon;
				INFOPLIST_FILE = SlideOutMenu/Info.plist;
				LD_RUNPATH_SEARCH_PATHS = "$(inherited) @executable_path/Frameworks";
				PRODUCT_BUNDLE_IDENTIFIER = pt.example.SlideOutMenu;
				PRODUCT_NAME = "$(TARGET_NAME)";
			};
			name = Release;
		};
		F199093D1CB5123600A81D28 /* Debug */ = {
			isa = XCBuildConfiguration;
			buildSettings = {
				BUNDLE_LOADER = "$(TEST_HOST)";
				INFOPLIST_FILE = SlideOutMenuTests/Info.plist;
				LD_RUNPATH_SEARCH_PATHS = "$(inherited) @executable_path/Frameworks @loader_path/Frameworks";
				PRODUCT_BUNDLE_IDENTIFIER = pt.example.SlideOutMenuTests;
				PRODUCT_NAME = "$(TARGET_NAME)";
				TEST_HOST = "$(BUILT_PRODUCTS_DIR)/SlideOutMenu.app/SlideOutMenu";
			};
			name = Debug;
		};
		F199093E1CB5123600A81D28 /* Release */ = {
			isa = XCBuildConfiguration;
			buildSettings = {
				BUNDLE_LOADER = "$(TEST_HOST)";
				INFOPLIST_FILE = SlideOutMenuTests/Info.plist;
				LD_RUNPATH_SEARCH_PATHS = "$(inherited) @executable_path/Frameworks @loader_path/Frameworks";
				PRODUCT_BUNDLE_IDENTIFIER = pt.example.SlideOutMenuTests;
				PRODUCT_NAME = "$(TARGET_NAME)";
				TEST_HOST = "$(BUILT_PRODUCTS_DIR)/SlideOutMenu.app/SlideOutMenu";
			};
			name = Release;
		};
		F19909401CB5123600A81D28 /* Debug */ = {
			isa = XCBuildConfiguration;
			buildSettings = {
				INFOPLIST_FILE = SlideOutMenuUITests/Info.plist;
				LD_RUNPATH_SEARCH_PATHS = "$(inherited) @executable_path/Frameworks @loader_path/Frameworks";
				PRODUCT_BUNDLE_IDENTIFIER = pt.example.SlideOutMenuUITests;
				PRODUCT_NAME = "$(TARGET_NAME)";
				TEST_TARGET_NAME = SlideOutMenu;
			};
			name = Debug;
		};
		F19909411CB5123600A81D28 /* Release */ = {
			isa = XCBuildConfiguration;
			buildSettings = {
				INFOPLIST_FILE = SlideOutMenuUITests/Info.plist;
				LD_RUNPATH_SEARCH_PATHS = "$(inherited) @executable_path/Frameworks @loader_path/Frameworks";
				PRODUCT_BUNDLE_IDENTIFIER = pt.example.SlideOutMenuUITests;
				PRODUCT_NAME = "$(TARGET_NAME)";
				TEST_TARGET_NAME = SlideOutMenu;
			};
			name = Release;
		};
/* End XCBuildConfiguration section */

/* Begin XCConfigurationList section */
		F19909091CB5123600A81D28 /* Build configuration list for PBXProject "SlideOutMenu" */ = {
			isa = XCConfigurationList;
			buildConfigurations = (
				F19909371CB5123600A81D28 /* Debug */,
				F19909381CB5123600A81D28 /* Release */,
			);
			defaultConfigurationIsVisible = 0;
			defaultConfigurationName = Release;
		};
		F19909391CB5123600A81D28 /* Build configuration list for PBXNativeTarget "SlideOutMenu" */ = {
			isa = XCConfigurationList;
			buildConfigurations = (
				F199093A1CB5123600A81D28 /* Debug */,
				F199093B1CB5123600A81D28 /* Release */,
			);
			defaultConfigurationIsVisible = 0;
		};
		F199093C1CB5123600A81D28 /* Build configuration list for PBXNativeTarget "SlideOutMenuTests" */ = {
			isa = XCConfigurationList;
			buildConfigurations = (
				F199093D1CB5123600A81D28 /* Debug */,
				F199093E1CB5123600A81D28 /* Release */,
			);
			defaultConfigurationIsVisible = 0;
		};
		F199093F1CB5123600A81D28 /* Build configuration list for PBXNativeTarget "SlideOutMenuUITests" */ = {
			isa = XCConfigurationList;
			buildConfigurations = (
				F19909401CB5123600A81D28 /* Debug */,
				F19909411CB5123600A81D28 /* Release */,
			);
			defaultConfigurationIsVisible = 0;
		};
/* End XCConfigurationList section */

/* Begin XCVersionGroup section */
		F19909181CB5123600A81D28 /* SlideOutMenu.xcdatamodeld */ = {
			isa = XCVersionGroup;
			children = (
				F19909191CB5123600A81D28 /* SlideOutMenu.xcdatamodel */,
			);
			currentVersion = F19909191CB5123600A81D28 /* SlideOutMenu.xcdatamodel */;
			path = SlideOutMenu.xcdatamodeld;
			sourceTree = "<group>";
			versionGroupType = wrapper.xcdatamodel;
		};
/* End XCVersionGroup section */
	};
	rootObject = F19909061CB5123600A81D28 /* Project object */;
}
